
Microsoft Visual Studio Solution File, Format Version 12.00
# Visual Studio 2012
Project("{CC5FD16D-436D-48AD-A40C-5A424C6E3E79}") = "CloudTest1", "CloudTest1\CloudTest1.ccproj", "{D8DE1D3D-6720-46D9-BEC7-B6D38E59A89B}"
EndProject
Project("{FAE04EC0-301F-11D3-BF4B-00C04F79EFBC}") = "MvcWebRole1", "MvcWebRole1\MvcWebRole1.csproj", "{7CDEB21F-C286-4E1A-A410-E365BADDAAA8}"
EndProject
Global
	GlobalSection(SolutionConfigurationPlatforms) = preSolution
		Debug|Any CPU = Debug|Any CPU
		Release|Any CPU = Release|Any CPU
	EndGlobalSection
	GlobalSection(ProjectConfigurationPlatforms) = postSolution
		{D8DE1D3D-6720-46D9-BEC7-B6D38E59A89B}.Debug|Any CPU.ActiveCfg = Debug|Any CPU
		{D8DE1D3D-6720-46D9-BEC7-B6D38E59A89B}.Debug|Any CPU.Build.0 = Debug|Any CPU
		{D8DE1D3D-6720-46D9-BEC7-B6D38E59A89B}.Release|Any CPU.ActiveCfg = Release|Any CPU
		{D8DE1D3D-6720-46D9-BEC7-B6D38E59A89B}.Release|Any CPU.Build.0 = Release|Any CPU
		{7CDEB21F-C286-4E1A-A410-E365BADDAAA8}.Debug|Any CPU.ActiveCfg = Debug|Any CPU
		{7CDEB21F-C286-4E1A-A410-E365BADDAAA8}.Debug|Any CPU.Build.0 = Debug|Any CPU
		{7CDEB21F-C286-4E1A-A410-E365BADDAAA8}.Release|Any CPU.ActiveCfg = Release|Any CPU
		{7CDEB21F-C286-4E1A-A410-E365BADDAAA8}.Release|Any CPU.Build.0 = Release|Any CPU
	EndGlobalSection
	GlobalSection(SolutionProperties) = preSolution
		HideSolutionNode = FALSE
	EndGlobalSection
EndGlobal
